name: Generate uv.lock

on:
  workflow_dispatch:

permissions:
  contents: write

jobs:
  lock:
    runs-on: ubuntu-latest
    steps:
      - uses: actions/checkout@v4

      - name: Install uv
        uses: astral-sh/setup-uv@v4

      - name: Generate uv.lock
        run: uv lock

      - name: Commit uv.lock (force add)
        run: |
          git config user.name "github-actions[bot]"
          git config user.email "github-actions[bot]@users.noreply.github.com"
          git add -f uv.lock
          git commit -m "Add uv.lock" || echo "No changes"
          git push
